
Microsoft Visual Studio Solution File, Format Version 12.00
# Visual Studio 14
VisualStudioVersion = 14.0.25420.1
MinimumVisualStudioVersion = 10.0.40219.1
Project("{FAE04EC0-301F-11D3-BF4B-00C04F79EFBC}") = "UWPapp", "UWPapp\UWPapp.csproj", "{0554C84C-0C6F-4328-8EA3-937923DA924E}"
EndProject
Project("{FAE04EC0-301F-11D3-BF4B-00C04F79EFBC}") = "XAMLControlExample", "XAMLControlExample\XAMLControlExample.csproj", "{F1504404-A205-46D6-BD31-D80B564FF7E4}"
EndProject
Project("{FAE04EC0-301F-11D3-BF4B-00C04F79EFBC}") = "XamlStyle", "XamlStyle\XamlStyle.csproj", "{90B7D87B-1028-4A00-9AC5-98884D258B7A}"
EndProject
Project("{FAE04EC0-301F-11D3-BF4B-00C04F79EFBC}") = "XamlTheme", "XamlTheme\XamlTheme.csproj", "{9DB6312F-08AF-4F47-A46F-EEA58B43C15A}"
EndProject
Global
	GlobalSection(SolutionConfigurationPlatforms) = preSolution
		Debug|ARM = Debug|ARM
		Debug|x64 = Debug|x64
		Debug|x86 = Debug|x86
		Release|ARM = Release|ARM
		Release|x64 = Release|x64
		Release|x86 = Release|x86
	EndGlobalSection
	GlobalSection(ProjectConfigurationPlatforms) = postSolution
		{0554C84C-0C6F-4328-8EA3-937923DA924E}.Debug|ARM.ActiveCfg = Debug|ARM
		{0554C84C-0C6F-4328-8EA3-937923DA924E}.Debug|ARM.Build.0 = Debug|ARM
		{0554C84C-0C6F-4328-8EA3-937923DA924E}.Debug|ARM.Deploy.0 = Debug|ARM
		{0554C84C-0C6F-4328-8EA3-937923DA924E}.Debug|x64.ActiveCfg = Debug|x64
		{0554C84C-0C6F-4328-8EA3-937923DA924E}.Debug|x64.Build.0 = Debug|x64
		{0554C84C-0C6F-4328-8EA3-937923DA924E}.Debug|x64.Deploy.0 = Debug|x64
		{0554C84C-0C6F-4328-8EA3-937923DA924E}.Debug|x86.ActiveCfg = Debug|x86
		{0554C84C-0C6F-4328-8EA3-937923DA924E}.Debug|x86.Build.0 = Debug|x86
		{0554C84C-0C6F-4328-8EA3-937923DA924E}.Debug|x86.Deploy.0 = Debug|x86
		{0554C84C-0C6F-4328-8EA3-937923DA924E}.Release|ARM.ActiveCfg = Release|ARM
		{0554C84C-0C6F-4328-8EA3-937923DA924E}.Release|ARM.Build.0 = Release|ARM
		{0554C84C-0C6F-4328-8EA3-937923DA924E}.Release|ARM.Deploy.0 = Release|ARM
		{0554C84C-0C6F-4328-8EA3-937923DA924E}.Release|x64.ActiveCfg = Release|x64
		{0554C84C-0C6F-4328-8EA3-937923DA924E}.Release|x64.Build.0 = Release|x64
		{0554C84C-0C6F-4328-8EA3-937923DA924E}.Release|x64.Deploy.0 = Release|x64
		{0554C84C-0C6F-4328-8EA3-937923DA924E}.Release|x86.ActiveCfg = Release|x86
		{0554C84C-0C6F-4328-8EA3-937923DA924E}.Release|x86.Build.0 = Release|x86
		{0554C84C-0C6F-4328-8EA3-937923DA924E}.Release|x86.Deploy.0 = Release|x86
		{F1504404-A205-46D6-BD31-D80B564FF7E4}.Debug|ARM.ActiveCfg = Debug|ARM
		{F1504404-A205-46D6-BD31-D80B564FF7E4}.Debug|ARM.Build.0 = Debug|ARM
		{F1504404-A205-46D6-BD31-D80B564FF7E4}.Debug|ARM.Deploy.0 = Debug|ARM
		{F1504404-A205-46D6-BD31-D80B564FF7E4}.Debug|x64.ActiveCfg = Debug|x64
		{F1504404-A205-46D6-BD31-D80B564FF7E4}.Debug|x64.Build.0 = Debug|x64
		{F1504404-A205-46D6-BD31-D80B564FF7E4}.Debug|x64.Deploy.0 = Debug|x64
		{F1504404-A205-46D6-BD31-D80B564FF7E4}.Debug|x86.ActiveCfg = Debug|x86
		{F1504404-A205-46D6-BD31-D80B564FF7E4}.Debug|x86.Build.0 = Debug|x86
		{F1504404-A205-46D6-BD31-D80B564FF7E4}.Debug|x86.Deploy.0 = Debug|x86
		{F1504404-A205-46D6-BD31-D80B564FF7E4}.Release|ARM.ActiveCfg = Release|ARM
		{F1504404-A205-46D6-BD31-D80B564FF7E4}.Release|ARM.Build.0 = Release|ARM
		{F1504404-A205-46D6-BD31-D80B564FF7E4}.Release|ARM.Deploy.0 = Release|ARM
		{F1504404-A205-46D6-BD31-D80B564FF7E4}.Release|x64.ActiveCfg = Release|x64
		{F1504404-A205-46D6-BD31-D80B564FF7E4}.Release|x64.Build.0 = Release|x64
		{F1504404-A205-46D6-BD31-D80B564FF7E4}.Release|x64.Deploy.0 = Release|x64
		{F1504404-A205-46D6-BD31-D80B564FF7E4}.Release|x86.ActiveCfg = Release|x86
		{F1504404-A205-46D6-BD31-D80B564FF7E4}.Release|x86.Build.0 = Release|x86
		{F1504404-A205-46D6-BD31-D80B564FF7E4}.Release|x86.Deploy.0 = Release|x86
		{90B7D87B-1028-4A00-9AC5-98884D258B7A}.Debug|ARM.ActiveCfg = Debug|ARM
		{90B7D87B-1028-4A00-9AC5-98884D258B7A}.Debug|ARM.Build.0 = Debug|ARM
		{90B7D87B-1028-4A00-9AC5-98884D258B7A}.Debug|ARM.Deploy.0 = Debug|ARM
		{90B7D87B-1028-4A00-9AC5-98884D258B7A}.Debug|x64.ActiveCfg = Debug|x64
		{90B7D87B-1028-4A00-9AC5-98884D258B7A}.Debug|x64.Build.0 = Debug|x64
		{90B7D87B-1028-4A00-9AC5-98884D258B7A}.Debug|x64.Deploy.0 = Debug|x64
		{90B7D87B-1028-4A00-9AC5-98884D258B7A}.Debug|x86.ActiveCfg = Debug|x86
		{90B7D87B-1028-4A00-9AC5-98884D258B7A}.Debug|x86.Build.0 = Debug|x86
		{90B7D87B-1028-4A00-9AC5-98884D258B7A}.Debug|x86.Deploy.0 = Debug|x86
		{90B7D87B-1028-4A00-9AC5-98884D258B7A}.Release|ARM.ActiveCfg = Release|ARM
		{90B7D87B-1028-4A00-9AC5-98884D258B7A}.Release|ARM.Build.0 = Release|ARM
		{90B7D87B-1028-4A00-9AC5-98884D258B7A}.Release|ARM.Deploy.0 = Release|ARM
		{90B7D87B-1028-4A00-9AC5-98884D258B7A}.Release|x64.ActiveCfg = Release|x64
		{90B7D87B-1028-4A00-9AC5-98884D258B7A}.Release|x64.Build.0 = Release|x64
		{90B7D87B-1028-4A00-9AC5-98884D258B7A}.Release|x64.Deploy.0 = Release|x64
		{90B7D87B-1028-4A00-9AC5-98884D258B7A}.Release|x86.ActiveCfg = Release|x86
		{90B7D87B-1028-4A00-9AC5-98884D258B7A}.Release|x86.Build.0 = Release|x86
		{90B7D87B-1028-4A00-9AC5-98884D258B7A}.Release|x86.Deploy.0 = Release|x86
		{9DB6312F-08AF-4F47-A46F-EEA58B43C15A}.Debug|ARM.ActiveCfg = Debug|ARM
		{9DB6312F-08AF-4F47-A46F-EEA58B43C15A}.Debug|ARM.Build.0 = Debug|ARM
		{9DB6312F-08AF-4F47-A46F-EEA58B43C15A}.Debug|ARM.Deploy.0 = Debug|ARM
		{9DB6312F-08AF-4F47-A46F-EEA58B43C15A}.Debug|x64.ActiveCfg = Debug|x64
		{9DB6312F-08AF-4F47-A46F-EEA58B43C15A}.Debug|x64.Build.0 = Debug|x64
		{9DB6312F-08AF-4F47-A46F-EEA58B43C15A}.Debug|x64.Deploy.0 = Debug|x64
		{9DB6312F-08AF-4F47-A46F-EEA58B43C15A}.Debug|x86.ActiveCfg = Debug|x86
		{9DB6312F-08AF-4F47-A46F-EEA58B43C15A}.Debug|x86.Build.0 = Debug|x86
		{9DB6312F-08AF-4F47-A46F-EEA58B43C15A}.Debug|x86.Deploy.0 = Debug|x86
		{9DB6312F-08AF-4F47-A46F-EEA58B43C15A}.Release|ARM.ActiveCfg = Release|ARM
		{9DB6312F-08AF-4F47-A46F-EEA58B43C15A}.Release|ARM.Build.0 = Release|ARM
		{9DB6312F-08AF-4F47-A46F-EEA58B43C15A}.Release|ARM.Deploy.0 = Release|ARM
		{9DB6312F-08AF-4F47-A46F-EEA58B43C15A}.Release|x64.ActiveCfg = Release|x64
		{9DB6312F-08AF-4F47-A46F-EEA58B43C15A}.Release|x64.Build.0 = Release|x64
		{9DB6312F-08AF-4F47-A46F-EEA58B43C15A}.Release|x64.Deploy.0 = Release|x64
		{9DB6312F-08AF-4F47-A46F-EEA58B43C15A}.Release|x86.ActiveCfg = Release|x86
		{9DB6312F-08AF-4F47-A46F-EEA58B43C15A}.Release|x86.Build.0 = Release|x86
		{9DB6312F-08AF-4F47-A46F-EEA58B43C15A}.Release|x86.Deploy.0 = Release|x86
	EndGlobalSection
	GlobalSection(SolutionProperties) = preSolution
		HideSolutionNode = FALSE
	EndGlobalSection
EndGlobal
